
Microsoft Visual Studio Solution File, Format Version 12.00
# Visual Studio 14
VisualStudioVersion = 14.0.25420.1
MinimumVisualStudioVersion = 10.0.40219.1
Project("{FAE04EC0-301F-11D3-BF4B-00C04F79EFBC}") = "WEB", "HotelReservation\WEB.csproj", "{F0A28908-7D96-491E-A5BA-8270CF2DC033}"
EndProject
Project("{2150E333-8FDC-42A3-9474-1A3956D46DE8}") = "DAL", "DAL", "{EFF33C1C-2211-440B-B2BE-4F44EC29AACB}"
EndProject
Project("{FAE04EC0-301F-11D3-BF4B-00C04F79EFBC}") = "HotelReservation.Entities", "DAL\HotelReservation.Entities\HotelReservation.Entities.csproj", "{939ACACF-E5A7-47FB-B3E9-6F2328EF5095}"
EndProject
Project("{FAE04EC0-301F-11D3-BF4B-00C04F79EFBC}") = "HotelReservation.DAL.UnitOfWork", "DAL\HotelReservation.DAL.UnitOfWork\HotelReservation.DAL.UnitOfWork.csproj", "{E1D34793-C4E7-4C64-8118-985A69270985}"
EndProject
Project("{FAE04EC0-301F-11D3-BF4B-00C04F79EFBC}") = "HotelReservation.DAL.Interfaces", "DAL\HotelReservation.DAL.Interfaces\HotelReservation.DAL.Interfaces.csproj", "{0AA46C04-40ED-41F7-907D-9A82254190FC}"
EndProject
Project("{2150E333-8FDC-42A3-9474-1A3956D46DE8}") = "Common", "Common", "{F776B426-9E12-42EC-852C-E03A2FE47576}"
EndProject
Project("{FAE04EC0-301F-11D3-BF4B-00C04F79EFBC}") = "Common.Model", "Common\Common.Model\Common.Model.csproj", "{93411D19-3540-447B-A8A3-897B5E651739}"
EndProject
Project("{2150E333-8FDC-42A3-9474-1A3956D46DE8}") = "Services", "Services", "{EB1190FA-AFA7-43AF-A790-F102B1B05745}"
EndProject
Project("{FAE04EC0-301F-11D3-BF4B-00C04F79EFBC}") = "HotelReservation.Services", "Services\HotelReservation.Services\HotelReservation.Services.csproj", "{A47BEA3F-D1E9-430B-8407-73B66E069E23}"
EndProject
Project("{FAE04EC0-301F-11D3-BF4B-00C04F79EFBC}") = "HotelReservation.DAL", "DAL\HotelReservation.DAL\HotelReservation.DAL.csproj", "{102E946D-1956-4A8F-A9A9-F52059C1F27D}"
EndProject
Global
	GlobalSection(SolutionConfigurationPlatforms) = preSolution
		Debug|Any CPU = Debug|Any CPU
		Release|Any CPU = Release|Any CPU
	EndGlobalSection
	GlobalSection(ProjectConfigurationPlatforms) = postSolution
		{F0A28908-7D96-491E-A5BA-8270CF2DC033}.Debug|Any CPU.ActiveCfg = Debug|Any CPU
		{F0A28908-7D96-491E-A5BA-8270CF2DC033}.Debug|Any CPU.Build.0 = Debug|Any CPU
		{F0A28908-7D96-491E-A5BA-8270CF2DC033}.Release|Any CPU.ActiveCfg = Release|Any CPU
		{F0A28908-7D96-491E-A5BA-8270CF2DC033}.Release|Any CPU.Build.0 = Release|Any CPU
		{939ACACF-E5A7-47FB-B3E9-6F2328EF5095}.Debug|Any CPU.ActiveCfg = Debug|Any CPU
		{939ACACF-E5A7-47FB-B3E9-6F2328EF5095}.Debug|Any CPU.Build.0 = Debug|Any CPU
		{939ACACF-E5A7-47FB-B3E9-6F2328EF5095}.Release|Any CPU.ActiveCfg = Release|Any CPU
		{939ACACF-E5A7-47FB-B3E9-6F2328EF5095}.Release|Any CPU.Build.0 = Release|Any CPU
		{E1D34793-C4E7-4C64-8118-985A69270985}.Debug|Any CPU.ActiveCfg = Debug|Any CPU
		{E1D34793-C4E7-4C64-8118-985A69270985}.Debug|Any CPU.Build.0 = Debug|Any CPU
		{E1D34793-C4E7-4C64-8118-985A69270985}.Release|Any CPU.ActiveCfg = Release|Any CPU
		{E1D34793-C4E7-4C64-8118-985A69270985}.Release|Any CPU.Build.0 = Release|Any CPU
		{0AA46C04-40ED-41F7-907D-9A82254190FC}.Debug|Any CPU.ActiveCfg = Debug|Any CPU
		{0AA46C04-40ED-41F7-907D-9A82254190FC}.Debug|Any CPU.Build.0 = Debug|Any CPU
		{0AA46C04-40ED-41F7-907D-9A82254190FC}.Release|Any CPU.ActiveCfg = Release|Any CPU
		{0AA46C04-40ED-41F7-907D-9A82254190FC}.Release|Any CPU.Build.0 = Release|Any CPU
		{93411D19-3540-447B-A8A3-897B5E651739}.Debug|Any CPU.ActiveCfg = Debug|Any CPU
		{93411D19-3540-447B-A8A3-897B5E651739}.Debug|Any CPU.Build.0 = Debug|Any CPU
		{93411D19-3540-447B-A8A3-897B5E651739}.Release|Any CPU.ActiveCfg = Release|Any CPU
		{93411D19-3540-447B-A8A3-897B5E651739}.Release|Any CPU.Build.0 = Release|Any CPU
		{A47BEA3F-D1E9-430B-8407-73B66E069E23}.Debug|Any CPU.ActiveCfg = Debug|Any CPU
		{A47BEA3F-D1E9-430B-8407-73B66E069E23}.Debug|Any CPU.Build.0 = Debug|Any CPU
		{A47BEA3F-D1E9-430B-8407-73B66E069E23}.Release|Any CPU.ActiveCfg = Release|Any CPU
		{A47BEA3F-D1E9-430B-8407-73B66E069E23}.Release|Any CPU.Build.0 = Release|Any CPU
		{102E946D-1956-4A8F-A9A9-F52059C1F27D}.Debug|Any CPU.ActiveCfg = Debug|Any CPU
		{102E946D-1956-4A8F-A9A9-F52059C1F27D}.Debug|Any CPU.Build.0 = Debug|Any CPU
		{102E946D-1956-4A8F-A9A9-F52059C1F27D}.Release|Any CPU.ActiveCfg = Release|Any CPU
		{102E946D-1956-4A8F-A9A9-F52059C1F27D}.Release|Any CPU.Build.0 = Release|Any CPU
	EndGlobalSection
	GlobalSection(SolutionProperties) = preSolution
		HideSolutionNode = FALSE
	EndGlobalSection
	GlobalSection(NestedProjects) = preSolution
		{939ACACF-E5A7-47FB-B3E9-6F2328EF5095} = {EFF33C1C-2211-440B-B2BE-4F44EC29AACB}
		{E1D34793-C4E7-4C64-8118-985A69270985} = {EFF33C1C-2211-440B-B2BE-4F44EC29AACB}
		{0AA46C04-40ED-41F7-907D-9A82254190FC} = {EFF33C1C-2211-440B-B2BE-4F44EC29AACB}
		{93411D19-3540-447B-A8A3-897B5E651739} = {F776B426-9E12-42EC-852C-E03A2FE47576}
		{A47BEA3F-D1E9-430B-8407-73B66E069E23} = {EB1190FA-AFA7-43AF-A790-F102B1B05745}
		{102E946D-1956-4A8F-A9A9-F52059C1F27D} = {EFF33C1C-2211-440B-B2BE-4F44EC29AACB}
	EndGlobalSection
EndGlobal
